// !$*UTF8*$!
{
	archiveVersion = 1;
	classes = {
	};
	objectVersion = 46;
	objects = {

/* Begin PBXBuildFile section */
		CC53A5671E9D81F20061CCED /* AppDelegate.swift in Sources */ = {isa = PBXBuildFile; fileRef = CC53A5661E9D81F20061CCED /* AppDelegate.swift */; };
		CC53A5691E9D81F20061CCED /* ViewController.swift in Sources */ = {isa = PBXBuildFile; fileRef = CC53A5681E9D81F20061CCED /* ViewController.swift */; };
		CC53A56C1E9D81F20061CCED /* Main.storyboard in Resources */ = {isa = PBXBuildFile; fileRef = CC53A56A1E9D81F20061CCED /* Main.storyboard */; };
		CC53A56E1E9D81F20061CCED /* Assets.xcassets in Resources */ = {isa = PBXBuildFile; fileRef = CC53A56D1E9D81F20061CCED /* Assets.xcassets */; };
		CC53A5711E9D81F20061CCED /* LaunchScreen.storyboard in Resources */ = {isa = PBXBuildFile; fileRef = CC53A56F1E9D81F20061CCED /* LaunchScreen.storyboard */; };
		CC53A57B1E9D84A50061CCED /* Music.mp3 in Resources */ = {isa = PBXBuildFile; fileRef = CC53A5791E9D84A50061CCED /* Music.mp3 */; };
		CC53A57C1E9D84A50061CCED /* Sound.wav in Resources */ = {isa = PBXBuildFile; fileRef = CC53A57A1E9D84A50061CCED /* Sound.wav */; };
		CC53A57F1E9D85620061CCED /* AVFoundation.framework in Frameworks */ = {isa = PBXBuildFile; fileRef = CC53A57E1E9D85620061CCED /* AVFoundation.framework */; };
/* End PBXBuildFile section */

/* Begin PBXFileReference section */
		CC53A5631E9D81F20061CCED /* PlayingAudio.app */ = {isa = PBXFileReference; explicitFileType = wrapper.application; includeInIndex = 0; path = PlayingAudio.app; sourceTree = BUILT_PRODUCTS_DIR; };
		CC53A5661E9D81F20061CCED /* AppDelegate.swift */ = {isa = PBXFileReference; lastKnownFileType = sourcecode.swift; path = AppDelegate.swift; sourceTree = "<group>"; };
		CC53A5681E9D81F20061CCED /* ViewController.swift */ = {isa = PBXFileReference; lastKnownFileType = sourcecode.swift; path = ViewController.swift; sourceTree = "<group>"; };
		CC53A56B1E9D81F20061CCED /* Base */ = {isa = PBXFileReference; lastKnownFileType = file.storyboard; name = Base; path = Base.lproj/Main.storyboard; sourceTree = "<group>"; };
		CC53A56D1E9D81F20061CCED /* Assets.xcassets */ = {isa = PBXFileReference; lastKnownFileType = folder.assetcatalog; path = Assets.xcassets; sourceTree = "<group>"; };
		CC53A5701E9D81F20061CCED /* Base */ = {isa = PBXFileReference; lastKnownFileType = file.storyboard; name = Base; path = Base.lproj/LaunchScreen.storyboard; sourceTree = "<group>"; };
		CC53A5721E9D81F20061CCED /* Info.plist */ = {isa = PBXFileReference; lastKnownFileType = text.plist.xml; path = Info.plist; sourceTree = "<group>"; };
		CC53A5791E9D84A50061CCED /* Music.mp3 */ = {isa = PBXFileReference; lastKnownFileType = audio.mp3; path = Music.mp3; sourceTree = "<group>"; };
		CC53A57A1E9D84A50061CCED /* Sound.wav */ = {isa = PBXFileReference; lastKnownFileType = audio.wav; path = Sound.wav; sourceTree = "<group>"; };
		CC53A57E1E9D85620061CCED /* AVFoundation.framework */ = {isa = PBXFileReference; lastKnownFileType = wrapper.framework; name = AVFoundation.framework; path = System/Library/Frameworks/AVFoundation.framework; sourceTree = SDKROOT; };
/* End PBXFileReference section */

/* Begin PBXFrameworksBuildPhase section */
		CC53A5601E9D81F20061CCED /* Frameworks */ = {
			isa = PBXFrameworksBuildPhase;
			buildActionMask = 2147483647;
			files = (
				CC53A57F1E9D85620061CCED /* AVFoundation.framework in Frameworks */,
			);
			runOnlyForDeploymentPostprocessing = 0;
		};
/* End PBXFrameworksBuildPhase section */

/* Begin PBXGroup section */
		CC53A55A1E9D81F20061CCED = {
			isa = PBXGroup;
			children = (
				CC53A5651E9D81F20061CCED /* PlayingAudio */,
				CC53A5641E9D81F20061CCED /* Products */,
				CC53A57D1E9D85620061CCED /* Frameworks */,
			);
			sourceTree = "<group>";
		};
		CC53A5641E9D81F20061CCED /* Products */ = {
			isa = PBXGroup;
			children = (
				CC53A5631E9D81F20061CCED /* PlayingAudio.app */,
			);
			name = Products;
			sourceTree = "<group>";
		};
		CC53A5651E9D81F20061CCED /* PlayingAudio */ = {
			isa = PBXGroup;
			children = (
				CC53A5661E9D81F20061CCED /* AppDelegate.swift */,
				CC53A5681E9D81F20061CCED /* ViewController.swift */,
				CC53A56A1E9D81F20061CCED /* Main.storyboard */,
				CC53A56D1E9D81F20061CCED /* Assets.xcassets */,
				CC53A56F1E9D81F20061CCED /* LaunchScreen.storyboard */,
				CC53A5721E9D81F20061CCED /* Info.plist */,
				CC53A5781E9D84A50061CCED /* Sounds */,
			);
			path = PlayingAudio;
			sourceTree = "<group>";
		};
		CC53A5781E9D84A50061CCED /* Sounds */ = {
			isa = PBXGroup;
			children = (
				CC53A5791E9D84A50061CCED /* Music.mp3 */,
				CC53A57A1E9D84A50061CCED /* Sound.wav */,
			);
			name = Sounds;
			path = ../Sounds;
			sourceTree = "<group>";
		};
		CC53A57D1E9D85620061CCED /* Frameworks */ = {
			isa = PBXGroup;
			children = (
				CC53A57E1E9D85620061CCED /* AVFoundation.framework */,
			);
			name = Frameworks;
			sourceTree = "<group>";
		};
/* End PBXGroup section */

/* Begin PBXNativeTarget section */
		CC53A5621E9D81F20061CCED /* PlayingAudio */ = {
			isa = PBXNativeTarget;
			buildConfigurationList = CC53A5751E9D81F20061CCED /* Build configuration list for PBXNativeTarget "PlayingAudio" */;
			buildPhases = (
				CC53A55F1E9D81F20061CCED /* Sources */,
				CC53A5601E9D81F20061CCED /* Frameworks */,
				CC53A5611E9D81F20061CCED /* Resources */,
			);
			buildRules = (
			);
			dependencies = (
			);
			name = PlayingAudio;
			productName = PlayingAudio;
			productReference = CC53A5631E9D81F20061CCED /* PlayingAudio.app */;
			productType = "com.apple.product-type.application";
		};
/* End PBXNativeTarget section */

/* Begin PBXProject section */
		CC53A55B1E9D81F20061CCED /* Project object */ = {
			isa = PBXProject;
			attributes = {
				LastSwiftUpdateCheck = 0830;
				LastUpgradeCheck = 0830;
				ORGANIZATIONNAME = Personal;
				TargetAttributes = {
					CC53A5621E9D81F20061CCED = {
						CreatedOnToolsVersion = 8.3.1;
						DevelopmentTeam = D3CUYFAV98;
						ProvisioningStyle = Automatic;
					};
				};
			};
			buildConfigurationList = CC53A55E1E9D81F20061CCED /* Build configuration list for PBXProject "PlayingAudio" */;
			compatibilityVersion = "Xcode 3.2";
			developmentRegion = English;
			hasScannedForEncodings = 0;
			knownRegions = (
				en,
				Base,
			);
			mainGroup = CC53A55A1E9D81F20061CCED;
			productRefGroup = CC53A5641E9D81F20061CCED /* Products */;
			projectDirPath = "";
			projectRoot = "";
			targets = (
				CC53A5621E9D81F20061CCED /* PlayingAudio */,
			);
		};
/* End PBXProject section */

/* Begin PBXResourcesBuildPhase section */
		CC53A5611E9D81F20061CCED /* Resources */ = {
			isa = PBXResourcesBuildPhase;
			buildActionMask = 2147483647;
			files = (
				CC53A57B1E9D84A50061CCED /* Music.mp3 in Resources */,
				CC53A5711E9D81F20061CCED /* LaunchScreen.storyboard in Resources */,
				CC53A57C1E9D84A50061CCED /* Sound.wav in Resources */,
				CC53A56E1E9D81F20061CCED /* Assets.xcassets in Resources */,
				CC53A56C1E9D81F20061CCED /* Main.storyboard in Resources */,
			);
			runOnlyForDeploymentPostprocessing = 0;
		};
/* End PBXResourcesBuildPhase section */

/* Begin PBXSourcesBuildPhase section */
		CC53A55F1E9D81F20061CCED /* Sources */ = {
			isa = PBXSourcesBuildPhase;
			buildActionMask = 2147483647;
			files = (
				CC53A5691E9D81F20061CCED /* ViewController.swift in Sources */,
				CC53A5671E9D81F20061CCED /* AppDelegate.swift in Sources */,
			);
			runOnlyForDeploymentPostprocessing = 0;
		};
/* End PBXSourcesBuildPhase section */

/* Begin PBXVariantGroup section */
		CC53A56A1E9D81F20061CCED /* Main.storyboard */ = {
			isa = PBXVariantGroup;
			children = (
				CC53A56B1E9D81F20061CCED /* Base */,
			);
			name = Main.storyboard;
			sourceTree = "<group>";
		};
		CC53A56F1E9D81F20061CCED /* LaunchScreen.storyboard */ = {
			isa = PBXVariantGroup;
			children = (
				CC53A5701E9D81F20061CCED /* Base */,
			);
			name = LaunchScreen.storyboard;
			sourceTree = "<group>";
		};
/* End PBXVariantGroup section */

/* Begin XCBuildConfiguration section */
		CC53A5731E9D81F20061CCED /* Debug */ = {
			isa = XCBuildConfiguration;
			buildSettings = {
				ALWAYS_SEARCH_USER_PATHS = NO;
				CLANG_ANALYZER_NONNULL = YES;
				CLANG_ANALYZER_NUMBER_OBJECT_CONVERSION = YES_AGGRESSIVE;
				CLANG_CXX_LANGUAGE_STANDARD = "gnu++0x";
				CLANG_CXX_LIBRARY = "libc++";
				CLANG_ENABLE_MODULES = YES;
				CLANG_ENABLE_OBJC_ARC = YES;
				CLANG_WARN_BOOL_CONVERSION = YES;
				CLANG_WARN_CONSTANT_CONVERSION = YES;
				CLANG_WARN_DIRECT_OBJC_ISA_USAGE = YES_ERROR;
				CLANG_WARN_DOCUMENTATION_COMMENTS = YES;
				CLANG_WARN_EMPTY_BODY = YES;
				CLANG_WARN_ENUM_CONVERSION = YES;
				CLANG_WARN_INFINITE_RECURSION = YES;
				CLANG_WARN_INT_CONVERSION = YES;
				CLANG_WARN_OBJC_ROOT_CLASS = YES_ERROR;
				CLANG_WARN_SUSPICIOUS_MOVE = YES;
				CLANG_WARN_UNREACHABLE_CODE = YES;
				CLANG_WARN__DUPLICATE_METHOD_MATCH = YES;
				"CODE_SIGN_IDENTITY[sdk=iphoneos*]" = "iPhone Developer";
				COPY_PHASE_STRIP = NO;
				DEBUG_INFORMATION_FORMAT = dwarf;
				ENABLE_STRICT_OBJC_MSGSEND = YES;
				ENABLE_TESTABILITY = YES;
				GCC_C_LANGUAGE_STANDARD = gnu99;
				GCC_DYNAMIC_NO_PIC = NO;
				GCC_NO_COMMON_BLOCKS = YES;
				GCC_OPTIMIZATION_LEVEL = 0;
				GCC_PREPROCESSOR_DEFINITIONS = (
					"DEBUG=1",
					"$(inherited)",
				);
				GCC_WARN_64_TO_32_BIT_CONVERSION = YES;
				GCC_WARN_ABOUT_RETURN_TYPE = YES_ERROR;
				GCC_WARN_UNDECLARED_SELECTOR = YES;
				GCC_WARN_UNINITIALIZED_AUTOS = YES_AGGRESSIVE;
				GCC_WARN_UNUSED_FUNCTION = YES;
				GCC_WARN_UNUSED_VARIABLE = YES;
				IPHONEOS_DEPLOYMENT_TARGET = 10.3;
				MTL_ENABLE_DEBUG_INFO = YES;
				ONLY_ACTIVE_ARCH = YES;
				SDKROOT = iphoneos;
				SWIFT_ACTIVE_COMPILATION_CONDITIONS = DEBUG;
				SWIFT_OPTIMIZATION_LEVEL = "-Onone";
				TARGETED_DEVICE_FAMILY = "1,2";
			};
			name = Debug;
		};
		CC53A5741E9D81F20061CCED /* Release */ = {
			isa = XCBuildConfiguration;
			buildSettings = {
				ALWAYS_SEARCH_USER_PATHS = NO;
				CLANG_ANALYZER_NONNULL = YES;
				CLANG_ANALYZER_NUMBER_OBJECT_CONVERSION = YES_AGGRESSIVE;
				CLANG_CXX_LANGUAGE_STANDARD = "gnu++0x";
				CLANG_CXX_LIBRARY = "libc++";
				CLANG_ENABLE_MODULES = YES;
				CLANG_ENABLE_OBJC_ARC = YES;
				CLANG_WARN_BOOL_CONVERSION = YES;
				CLANG_WARN_CONSTANT_CONVERSION = YES;
				CLANG_WARN_DIRECT_OBJC_ISA_USAGE = YES_ERROR;
				CLANG_WARN_DOCUMENTATION_COMMENTS = YES;
				CLANG_WARN_EMPTY_BODY = YES;
				CLANG_WARN_ENUM_CONVERSION = YES;
				CLANG_WARN_INFINITE_RECURSION = YES;
				CLANG_WARN_INT_CONVERSION = YES;
				CLANG_WARN_OBJC_ROOT_CLASS = YES_ERROR;
				CLANG_WARN_SUSPICIOUS_MOVE = YES;
				CLANG_WARN_UNREACHABLE_CODE = YES;
				CLANG_WARN__DUPLICATE_METHOD_MATCH = YES;
				"CODE_SIGN_IDENTITY[sdk=iphoneos*]" = "iPhone Developer";
				COPY_PHASE_STRIP = NO;
				DEBUG_INFORMATION_FORMAT = "dwarf-with-dsym";
				ENABLE_NS_ASSERTIONS = NO;
				ENABLE_STRICT_OBJC_MSGSEND = YES;
				GCC_C_LANGUAGE_STANDARD = gnu99;
				GCC_NO_COMMON_BLOCKS = YES;
				GCC_WARN_64_TO_32_BIT_CONVERSION = YES;
				GCC_WARN_ABOUT_RETURN_TYPE = YES_ERROR;
				GCC_WARN_UNDECLARED_SELECTOR = YES;
				GCC_WARN_UNINITIALIZED_AUTOS = YES_AGGRESSIVE;
				GCC_WARN_UNUSED_FUNCTION = YES;
				GCC_WARN_UNUSED_VARIABLE = YES;
				IPHONEOS_DEPLOYMENT_TARGET = 10.3;
				MTL_ENABLE_DEBUG_INFO = NO;
				SDKROOT = iphoneos;
				SWIFT_OPTIMIZATION_LEVEL = "-Owholemodule";
				TARGETED_DEVICE_FAMILY = "1,2";
				VALIDATE_PRODUCT = YES;
			};
			name = Release;
		};
		CC53A5761E9D81F20061CCED /* Debug */ = {
			isa = XCBuildConfiguration;
			buildSettings = {
				ASSETCATALOG_COMPILER_APPICON_NAME = AppIcon;
				DEVELOPMENT_TEAM = D3CUYFAV98;
				INFOPLIST_FILE = PlayingAudio/Info.plist;
				LD_RUNPATH_SEARCH_PATHS = "$(inherited) @executable_path/Frameworks";
				PRODUCT_BUNDLE_IDENTIFIER = Oludemilade.PlayingAudio;
				PRODUCT_NAME = "$(TARGET_NAME)";
				SWIFT_VERSION = 3.0;
			};
			name = Debug;
		};
		CC53A5771E9D81F20061CCED /* Release */ = {
			isa = XCBuildConfiguration;
			buildSettings = {
				ASSETCATALOG_COMPILER_APPICON_NAME = AppIcon;
				DEVELOPMENT_TEAM = D3CUYFAV98;
				INFOPLIST_FILE = PlayingAudio/Info.plist;
				LD_RUNPATH_SEARCH_PATHS = "$(inherited) @executable_path/Frameworks";
				PRODUCT_BUNDLE_IDENTIFIER = Oludemilade.PlayingAudio;
				PRODUCT_NAME = "$(TARGET_NAME)";
				SWIFT_VERSION = 3.0;
			};
			name = Release;
		};
/* End XCBuildConfiguration section */

/* Begin XCConfigurationList section */
		CC53A55E1E9D81F20061CCED /* Build configuration list for PBXProject "PlayingAudio" */ = {
			isa = XCConfigurationList;
			buildConfigurations = (
				CC53A5731E9D81F20061CCED /* Debug */,
				CC53A5741E9D81F20061CCED /* Release */,
			);
			defaultConfigurationIsVisible = 0;
			defaultConfigurationName = Release;
		};
		CC53A5751E9D81F20061CCED /* Build configuration list for PBXNativeTarget "PlayingAudio" */ = {
			isa = XCConfigurationList;
			buildConfigurations = (
				CC53A5761E9D81F20061CCED /* Debug */,
				CC53A5771E9D81F20061CCED /* Release */,
			);
			defaultConfigurationIsVisible = 0;
		};
/* End XCConfigurationList section */
	};
	rootObject = CC53A55B1E9D81F20061CCED /* Project object */;
}
